
Microsoft Visual Studio Solution File, Format Version 12.00
# Visual Studio Version 16
VisualStudioVersion = 16.0.30413.136
MinimumVisualStudioVersion = 10.0.40219.1
Project("{FAE04EC0-301F-11D3-BF4B-00C04F79EFBC}") = "SFCORE", "SFCORE\SFCORE.csproj", "{B3459551-2AB7-41C1-95B2-01B5AA730564}"
EndProject
Global
	GlobalSection(SolutionConfigurationPlatforms) = preSolution
		Debug|Any CPU = Debug|Any CPU
		Release|Any CPU = Release|Any CPU
	EndGlobalSection
	GlobalSection(ProjectConfigurationPlatforms) = postSolution
		{B3459551-2AB7-41C1-95B2-01B5AA730564}.Debug|Any CPU.ActiveCfg = Debug|Any CPU
		{B3459551-2AB7-41C1-95B2-01B5AA730564}.Debug|Any CPU.Build.0 = Debug|Any CPU
		{B3459551-2AB7-41C1-95B2-01B5AA730564}.Release|Any CPU.ActiveCfg = Release|Any CPU
		{B3459551-2AB7-41C1-95B2-01B5AA730564}.Release|Any CPU.Build.0 = Release|Any CPU
	EndGlobalSection
	GlobalSection(SolutionProperties) = preSolution
		HideSolutionNode = FALSE
	EndGlobalSection
	GlobalSection(ExtensibilityGlobals) = postSolution
		SolutionGuid = {73B3F7C1-0AC6-4F46-99F3-3828ABF5FE95}
	EndGlobalSection
EndGlobal
